PODS:
  - FBSnapshotTestCase (2.1.4):
    - FBSnapshotTestCase/SwiftSupport (= 2.1.4)
  - FBSnapshotTestCase/Core (2.1.4)
  - FBSnapshotTestCase/SwiftSupport (2.1.4):
    - FBSnapshotTestCase/Core
  - HZSHookVCBack (0.1.0)

DEPENDENCIES:
  - FBSnapshotTestCase
  - HZSHookVCBack (from `../`)

SPEC REPOS:
  trunk:
    - FBSnapshotTestCase

EXTERNAL SOURCES:
  HZSHookVCBack:
    :path: "../"

SPEC CHECKSUMS:
  FBSnapshotTestCase: 094f9f314decbabe373b87cc339bea235a63e07a
  HZSHookVCBack: 15d818c090914bca324b7fed6813d51c1a19203d

PODFILE CHECKSUM: 6d6e9cfa0e6f9e933170e22d3ca40a1e732bc746

COCOAPODS: 1.9.3
